# THIS IS AN AUTOGENERATED FILE. DO NOT EDIT THIS FILE DIRECTLY.
# yarn lockfile v1


"@azure/functions@^2.0.0":
  version "2.0.0"
  resolved "https://registry.yarnpkg.com/@azure/functions/-/functions-2.0.0.tgz#7fa416bb4b826f190336e59a4ac088b84774537e"
  integrity sha512-FUd0bdmM6LtApr9LNQi1BFpNchrk1FwkzieTSw0XzA9dCr83jI62MxWsM5YIFrDnJS3i2Ry81D78PecukGCL/w==

typescript@^4.0.0:
  version "4.7.3"
  resolved "https://registry.yarnpkg.com/typescript/-/typescript-4.7.3.tgz#8364b502d5257b540f9de4c40be84c98e23a129d"
  integrity sha512-WOkT3XYvrpXx4vMMqlD+8R8R37fZkjyLGlxavMc4iB8lrl8L0DeTcHbYgw/v0N/z9wAFsgBhcsF0ruoySS22mA==
